// !$*UTF8*$!
{
	archiveVersion = 1;
	classes = {
	};
	objectVersion = 52;
	objects = {

/* Begin PBXBuildFile section */
		C915985C2473823400E7FE03 /* AppDelegate.swift in Sources */ = {isa = PBXBuildFile; fileRef = C915985B2473823400E7FE03 /* AppDelegate.swift */; };
		C915985E2473823400E7FE03 /* SceneDelegate.swift in Sources */ = {isa = PBXBuildFile; fileRef = C915985D2473823400E7FE03 /* SceneDelegate.swift */; };
		C91598602473823400E7FE03 /* ContentView.swift in Sources */ = {isa = PBXBuildFile; fileRef = C915985F2473823400E7FE03 /* ContentView.swift */; };
		C91598622473823600E7FE03 /* Assets.xcassets in Resources */ = {isa = PBXBuildFile; fileRef = C91598612473823600E7FE03 /* Assets.xcassets */; };
		C91598652473823600E7FE03 /* Preview Assets.xcassets in Resources */ = {isa = PBXBuildFile; fileRef = C91598642473823600E7FE03 /* Preview Assets.xcassets */; };
		C91598682473823600E7FE03 /* LaunchScreen.storyboard in Resources */ = {isa = PBXBuildFile; fileRef = C91598662473823600E7FE03 /* LaunchScreen.storyboard */; };
		C91598712473830400E7FE03 /* Environment.swift in Sources */ = {isa = PBXBuildFile; fileRef = C91598702473830400E7FE03 /* Environment.swift */; };
		C91598752473833A00E7FE03 /* RelaySwiftUI in Frameworks */ = {isa = PBXBuildFile; productRef = C91598742473833A00E7FE03 /* RelaySwiftUI */; };
		C91598772473838A00E7FE03 /* ToDoItem.swift in Sources */ = {isa = PBXBuildFile; fileRef = C91598762473838A00E7FE03 /* ToDoItem.swift */; };
		C915987A2473839E00E7FE03 /* ToDoItem_todo.graphql.swift in Sources */ = {isa = PBXBuildFile; fileRef = C91598792473839E00E7FE03 /* ToDoItem_todo.graphql.swift */; };
		C915987C247383BA00E7FE03 /* ToDoList.swift in Sources */ = {isa = PBXBuildFile; fileRef = C915987B247383B900E7FE03 /* ToDoList.swift */; };
		C915987E247383C900E7FE03 /* ToDoList_user.graphql.swift in Sources */ = {isa = PBXBuildFile; fileRef = C915987D247383C900E7FE03 /* ToDoList_user.graphql.swift */; };
		C91598822473847E00E7FE03 /* CurrentUserToDoListQuery.graphql.swift in Sources */ = {isa = PBXBuildFile; fileRef = C91598812473847E00E7FE03 /* CurrentUserToDoListQuery.graphql.swift */; };
		C91598842473895F00E7FE03 /* ChangeTodoStatus.swift in Sources */ = {isa = PBXBuildFile; fileRef = C91598832473895F00E7FE03 /* ChangeTodoStatus.swift */; };
		C91598862473897400E7FE03 /* ChangeTodoStatusMutation.graphql.swift in Sources */ = {isa = PBXBuildFile; fileRef = C91598852473897400E7FE03 /* ChangeTodoStatusMutation.graphql.swift */; };
		C9333EB824A8FB9000377F35 /* ToDoItemPreviewQuery.graphql.swift in Sources */ = {isa = PBXBuildFile; fileRef = C9333EB724A8FB9000377F35 /* ToDoItemPreviewQuery.graphql.swift */; };
		C9333EBA24A8FBE400377F35 /* ToDoItemPreview.json in Resources */ = {isa = PBXBuildFile; fileRef = C9333EB924A8FBE400377F35 /* ToDoItemPreview.json */; };
		C9D63CFC24C7E4750053FD34 /* CurrentUserToDoList.swift in Sources */ = {isa = PBXBuildFile; fileRef = C9D63CFB24C7E4750053FD34 /* CurrentUserToDoList.swift */; };
		C9E18B74245F68A100213352 /* AppDelegate.swift in Sources */ = {isa = PBXBuildFile; fileRef = C9E18B73245F68A100213352 /* AppDelegate.swift */; };
		C9E18B76245F68A100213352 /* SceneDelegate.swift in Sources */ = {isa = PBXBuildFile; fileRef = C9E18B75245F68A100213352 /* SceneDelegate.swift */; };
		C9E18B78245F68A100213352 /* ContentView.swift in Sources */ = {isa = PBXBuildFile; fileRef = C9E18B77245F68A100213352 /* ContentView.swift */; };
		C9E18B7A245F68A200213352 /* Assets.xcassets in Resources */ = {isa = PBXBuildFile; fileRef = C9E18B79245F68A200213352 /* Assets.xcassets */; };
		C9E18B7D245F68A200213352 /* Preview Assets.xcassets in Resources */ = {isa = PBXBuildFile; fileRef = C9E18B7C245F68A200213352 /* Preview Assets.xcassets */; };
		C9E18B80245F68A200213352 /* LaunchScreen.storyboard in Resources */ = {isa = PBXBuildFile; fileRef = C9E18B7E245F68A200213352 /* LaunchScreen.storyboard */; };
		C9E18B92245F724600213352 /* Environment.swift in Sources */ = {isa = PBXBuildFile; fileRef = C9E18B91245F724600213352 /* Environment.swift */; };
		C9E18BB7245FAE5200213352 /* PokemonList.swift in Sources */ = {isa = PBXBuildFile; fileRef = C9E18BB6245FAE5200213352 /* PokemonList.swift */; };
		C9E18BB9245FAEDC00213352 /* ErrorView.swift in Sources */ = {isa = PBXBuildFile; fileRef = C9E18BB8245FAEDC00213352 /* ErrorView.swift */; };
		C9E18BE9246389B000213352 /* PokemonListRow.swift in Sources */ = {isa = PBXBuildFile; fileRef = C9E18BE8246389B000213352 /* PokemonListRow.swift */; };
		C9E18BEB24638D8700213352 /* PokemonDetail.swift in Sources */ = {isa = PBXBuildFile; fileRef = C9E18BEA24638D8700213352 /* PokemonDetail.swift */; };
		C9E18BF12463970800213352 /* PokemonDetailInfoSection.swift in Sources */ = {isa = PBXBuildFile; fileRef = C9E18BF02463970800213352 /* PokemonDetailInfoSection.swift */; };
		C9E18C172463B9F100213352 /* PokemonListRow_pokemon.graphql.swift in Sources */ = {isa = PBXBuildFile; fileRef = C9E18C152463B9F100213352 /* PokemonListRow_pokemon.graphql.swift */; };
		C9E18C182463B9F100213352 /* PokemonListQuery.graphql.swift in Sources */ = {isa = PBXBuildFile; fileRef = C9E18C162463B9F100213352 /* PokemonListQuery.graphql.swift */; };
		C9E18C1B2463BA9F00213352 /* PokemonDetailInfoSection_pokemon.graphql.swift in Sources */ = {isa = PBXBuildFile; fileRef = C9E18C192463BA9F00213352 /* PokemonDetailInfoSection_pokemon.graphql.swift */; };
		C9E18C1C2463BA9F00213352 /* PokemonDetailQuery.graphql.swift in Sources */ = {isa = PBXBuildFile; fileRef = C9E18C1A2463BA9F00213352 /* PokemonDetailQuery.graphql.swift */; };
		C9E18C5B24663A0E00213352 /* PokemonDetailTypesSection.swift in Sources */ = {isa = PBXBuildFile; fileRef = C9E18C5A24663A0E00213352 /* PokemonDetailTypesSection.swift */; };
		C9E18C5D24663A6900213352 /* PokemonDetailTypesSection_pokemon.graphql.swift in Sources */ = {isa = PBXBuildFile; fileRef = C9E18C5C24663A6900213352 /* PokemonDetailTypesSection_pokemon.graphql.swift */; };
		C9E18C652466474D00213352 /* AppDelegate.swift in Sources */ = {isa = PBXBuildFile; fileRef = C9E18C642466474D00213352 /* AppDelegate.swift */; };
		C9E18C672466474D00213352 /* SceneDelegate.swift in Sources */ = {isa = PBXBuildFile; fileRef = C9E18C662466474D00213352 /* SceneDelegate.swift */; };
		C9E18C692466474D00213352 /* ContentView.swift in Sources */ = {isa = PBXBuildFile; fileRef = C9E18C682466474D00213352 /* ContentView.swift */; };
		C9E18C6B2466474F00213352 /* Assets.xcassets in Resources */ = {isa = PBXBuildFile; fileRef = C9E18C6A2466474F00213352 /* Assets.xcassets */; };
		C9E18C6E2466474F00213352 /* Preview Assets.xcassets in Resources */ = {isa = PBXBuildFile; fileRef = C9E18C6D2466474F00213352 /* Preview Assets.xcassets */; };
		C9E18C712466474F00213352 /* LaunchScreen.storyboard in Resources */ = {isa = PBXBuildFile; fileRef = C9E18C6F2466474F00213352 /* LaunchScreen.storyboard */; };
		C9E18C7A2466491300213352 /* Environment.swift in Sources */ = {isa = PBXBuildFile; fileRef = C9E18C792466491300213352 /* Environment.swift */; };
		C9E18C852466497E00213352 /* MoviesList.swift in Sources */ = {isa = PBXBuildFile; fileRef = C9E18C842466497E00213352 /* MoviesList.swift */; };
		C9E18C8A24664A1900213352 /* ErrorView.swift in Sources */ = {isa = PBXBuildFile; fileRef = C9E18C8924664A1900213352 /* ErrorView.swift */; };
		C9E18C8C24664DA600213352 /* MoviesListRow.swift in Sources */ = {isa = PBXBuildFile; fileRef = C9E18C8B24664DA600213352 /* MoviesListRow.swift */; };
		C9E18C8E24664DF600213352 /* MoviesListRow_film.graphql.swift in Sources */ = {isa = PBXBuildFile; fileRef = C9E18C8D24664DF600213352 /* MoviesListRow_film.graphql.swift */; };
		C9E18C902466518B00213352 /* LoadingView.swift in Sources */ = {isa = PBXBuildFile; fileRef = C9E18C8F2466518B00213352 /* LoadingView.swift */; };
		C9E18C92246653A300213352 /* MoviesTab.swift in Sources */ = {isa = PBXBuildFile; fileRef = C9E18C91246653A300213352 /* MoviesTab.swift */; };
		C9E18C9524665DA100213352 /* MoviesListPaginationQuery.graphql.swift in Sources */ = {isa = PBXBuildFile; fileRef = C9E18C9324665DA100213352 /* MoviesListPaginationQuery.graphql.swift */; };
		C9E18C9624665DA100213352 /* MoviesTabQuery.graphql.swift in Sources */ = {isa = PBXBuildFile; fileRef = C9E18C9424665DA100213352 /* MoviesTabQuery.graphql.swift */; };
		C9E18C9E2467341200213352 /* MoviesList_films.graphql.swift in Sources */ = {isa = PBXBuildFile; fileRef = C9E18C9D2467341200213352 /* MoviesList_films.graphql.swift */; };
		C9E18CAE246877B100213352 /* Relay in Frameworks */ = {isa = PBXBuildFile; productRef = C9E18CAD246877B100213352 /* Relay */; };
		C9E18CB0246877B100213352 /* RelaySwiftUI in Frameworks */ = {isa = PBXBuildFile; productRef = C9E18CAF246877B100213352 /* RelaySwiftUI */; };
		C9E18CB2246877B800213352 /* Relay in Frameworks */ = {isa = PBXBuildFile; productRef = C9E18CB1246877B800213352 /* Relay */; };
		C9E18CB4246877B800213352 /* RelaySwiftUI in Frameworks */ = {isa = PBXBuildFile; productRef = C9E18CB3246877B800213352 /* RelaySwiftUI */; };
/* End PBXBuildFile section */

/* Begin PBXCopyFilesBuildPhase section */
		C9E18B98245F725800213352 /* Embed Frameworks */ = {
			isa = PBXCopyFilesBuildPhase;
			buildActionMask = 2147483647;
			dstPath = "";
			dstSubfolderSpec = 10;
			files = (
			);
			name = "Embed Frameworks";
			runOnlyForDeploymentPostprocessing = 0;
		};
		C9E18C832466495400213352 /* Embed Frameworks */ = {
			isa = PBXCopyFilesBuildPhase;
			buildActionMask = 2147483647;
			dstPath = "";
			dstSubfolderSpec = 10;
			files = (
			);
			name = "Embed Frameworks";
			runOnlyForDeploymentPostprocessing = 0;
		};
/* End PBXCopyFilesBuildPhase section */

/* Begin PBXFileReference section */
		C91598592473823400E7FE03 /* RelayTodo.app */ = {isa = PBXFileReference; explicitFileType = wrapper.application; includeInIndex = 0; path = RelayTodo.app; sourceTree = BUILT_PRODUCTS_DIR; };
		C915985B2473823400E7FE03 /* AppDelegate.swift */ = {isa = PBXFileReference; lastKnownFileType = sourcecode.swift; path = AppDelegate.swift; sourceTree = "<group>"; };
		C915985D2473823400E7FE03 /* SceneDelegate.swift */ = {isa = PBXFileReference; lastKnownFileType = sourcecode.swift; path = SceneDelegate.swift; sourceTree = "<group>"; };
		C915985F2473823400E7FE03 /* ContentView.swift */ = {isa = PBXFileReference; lastKnownFileType = sourcecode.swift; path = ContentView.swift; sourceTree = "<group>"; };
		C91598612473823600E7FE03 /* Assets.xcassets */ = {isa = PBXFileReference; lastKnownFileType = folder.assetcatalog; path = Assets.xcassets; sourceTree = "<group>"; };
		C91598642473823600E7FE03 /* Preview Assets.xcassets */ = {isa = PBXFileReference; lastKnownFileType = folder.assetcatalog; path = "Preview Assets.xcassets"; sourceTree = "<group>"; };
		C91598672473823600E7FE03 /* Base */ = {isa = PBXFileReference; lastKnownFileType = file.storyboard; name = Base; path = Base.lproj/LaunchScreen.storyboard; sourceTree = "<group>"; };
		C91598692473823600E7FE03 /* Info.plist */ = {isa = PBXFileReference; lastKnownFileType = text.plist.xml; path = Info.plist; sourceTree = "<group>"; };
		C915986D247382C200E7FE03 /* relay.config.js */ = {isa = PBXFileReference; fileEncoding = 4; lastKnownFileType = sourcecode.javascript; path = relay.config.js; sourceTree = "<group>"; };
		C915986F247382E200E7FE03 /* schema.graphql */ = {isa = PBXFileReference; lastKnownFileType = text; path = schema.graphql; sourceTree = "<group>"; };
		C91598702473830400E7FE03 /* Environment.swift */ = {isa = PBXFileReference; lastKnownFileType = sourcecode.swift; path = Environment.swift; sourceTree = "<group>"; };
		C91598762473838A00E7FE03 /* ToDoItem.swift */ = {isa = PBXFileReference; lastKnownFileType = sourcecode.swift; path = ToDoItem.swift; sourceTree = "<group>"; };
		C91598792473839E00E7FE03 /* ToDoItem_todo.graphql.swift */ = {isa = PBXFileReference; fileEncoding = 4; lastKnownFileType = sourcecode.swift; path = ToDoItem_todo.graphql.swift; sourceTree = "<group>"; };
		C915987B247383B900E7FE03 /* ToDoList.swift */ = {isa = PBXFileReference; lastKnownFileType = sourcecode.swift; path = ToDoList.swift; sourceTree = "<group>"; };
		C915987D247383C900E7FE03 /* ToDoList_user.graphql.swift */ = {isa = PBXFileReference; fileEncoding = 4; lastKnownFileType = sourcecode.swift; path = ToDoList_user.graphql.swift; sourceTree = "<group>"; };
		C91598812473847E00E7FE03 /* CurrentUserToDoListQuery.graphql.swift */ = {isa = PBXFileReference; fileEncoding = 4; lastKnownFileType = sourcecode.swift; path = CurrentUserToDoListQuery.graphql.swift; sourceTree = "<group>"; };
		C91598832473895F00E7FE03 /* ChangeTodoStatus.swift */ = {isa = PBXFileReference; lastKnownFileType = sourcecode.swift; path = ChangeTodoStatus.swift; sourceTree = "<group>"; };
		C91598852473897400E7FE03 /* ChangeTodoStatusMutation.graphql.swift */ = {isa = PBXFileReference; fileEncoding = 4; lastKnownFileType = sourcecode.swift; path = ChangeTodoStatusMutation.graphql.swift; sourceTree = "<group>"; };
		C9333EB724A8FB9000377F35 /* ToDoItemPreviewQuery.graphql.swift */ = {isa = PBXFileReference; fileEncoding = 4; lastKnownFileType = sourcecode.swift; path = ToDoItemPreviewQuery.graphql.swift; sourceTree = "<group>"; };
		C9333EB924A8FBE400377F35 /* ToDoItemPreview.json */ = {isa = PBXFileReference; lastKnownFileType = text.json; path = ToDoItemPreview.json; sourceTree = "<group>"; };
		C9D63CFB24C7E4750053FD34 /* CurrentUserToDoList.swift */ = {isa = PBXFileReference; lastKnownFileType = sourcecode.swift; path = CurrentUserToDoList.swift; sourceTree = "<group>"; };
		C9E18B71245F68A100213352 /* RelayPokedex.app */ = {isa = PBXFileReference; explicitFileType = wrapper.application; includeInIndex = 0; path = RelayPokedex.app; sourceTree = BUILT_PRODUCTS_DIR; };
		C9E18B73245F68A100213352 /* AppDelegate.swift */ = {isa = PBXFileReference; lastKnownFileType = sourcecode.swift; path = AppDelegate.swift; sourceTree = "<group>"; };
		C9E18B75245F68A100213352 /* SceneDelegate.swift */ = {isa = PBXFileReference; lastKnownFileType = sourcecode.swift; path = SceneDelegate.swift; sourceTree = "<group>"; };
		C9E18B77245F68A100213352 /* ContentView.swift */ = {isa = PBXFileReference; lastKnownFileType = sourcecode.swift; path = ContentView.swift; sourceTree = "<group>"; };
		C9E18B79245F68A200213352 /* Assets.xcassets */ = {isa = PBXFileReference; lastKnownFileType = folder.assetcatalog; path = Assets.xcassets; sourceTree = "<group>"; };
		C9E18B7C245F68A200213352 /* Preview Assets.xcassets */ = {isa = PBXFileReference; lastKnownFileType = folder.assetcatalog; path = "Preview Assets.xcassets"; sourceTree = "<group>"; };
		C9E18B7F245F68A200213352 /* Base */ = {isa = PBXFileReference; lastKnownFileType = file.storyboard; name = Base; path = Base.lproj/LaunchScreen.storyboard; sourceTree = "<group>"; };
		C9E18B81245F68A200213352 /* Info.plist */ = {isa = PBXFileReference; lastKnownFileType = text.plist.xml; path = Info.plist; sourceTree = "<group>"; };
		C9E18B91245F724600213352 /* Environment.swift */ = {isa = PBXFileReference; lastKnownFileType = sourcecode.swift; path = Environment.swift; sourceTree = "<group>"; };
		C9E18BB6245FAE5200213352 /* PokemonList.swift */ = {isa = PBXFileReference; lastKnownFileType = sourcecode.swift; path = PokemonList.swift; sourceTree = "<group>"; };
		C9E18BB8245FAEDC00213352 /* ErrorView.swift */ = {isa = PBXFileReference; lastKnownFileType = sourcecode.swift; path = ErrorView.swift; sourceTree = "<group>"; };
		C9E18BE8246389B000213352 /* PokemonListRow.swift */ = {isa = PBXFileReference; lastKnownFileType = sourcecode.swift; path = PokemonListRow.swift; sourceTree = "<group>"; };
		C9E18BEA24638D8700213352 /* PokemonDetail.swift */ = {isa = PBXFileReference; lastKnownFileType = sourcecode.swift; path = PokemonDetail.swift; sourceTree = "<group>"; };
		C9E18BF02463970800213352 /* PokemonDetailInfoSection.swift */ = {isa = PBXFileReference; lastKnownFileType = sourcecode.swift; path = PokemonDetailInfoSection.swift; sourceTree = "<group>"; };
		C9E18C152463B9F100213352 /* PokemonListRow_pokemon.graphql.swift */ = {isa = PBXFileReference; fileEncoding = 4; lastKnownFileType = sourcecode.swift; path = PokemonListRow_pokemon.graphql.swift; sourceTree = "<group>"; };
		C9E18C162463B9F100213352 /* PokemonListQuery.graphql.swift */ = {isa = PBXFileReference; fileEncoding = 4; lastKnownFileType = sourcecode.swift; path = PokemonListQuery.graphql.swift; sourceTree = "<group>"; };
		C9E18C192463BA9F00213352 /* PokemonDetailInfoSection_pokemon.graphql.swift */ = {isa = PBXFileReference; fileEncoding = 4; lastKnownFileType = sourcecode.swift; path = PokemonDetailInfoSection_pokemon.graphql.swift; sourceTree = "<group>"; };
		C9E18C1A2463BA9F00213352 /* PokemonDetailQuery.graphql.swift */ = {isa = PBXFileReference; fileEncoding = 4; lastKnownFileType = sourcecode.swift; path = PokemonDetailQuery.graphql.swift; sourceTree = "<group>"; };
		C9E18C5824662F0100213352 /* relay.config.js */ = {isa = PBXFileReference; lastKnownFileType = sourcecode.javascript; path = relay.config.js; sourceTree = "<group>"; };
		C9E18C5924662F0100213352 /* schema.graphql */ = {isa = PBXFileReference; lastKnownFileType = text; path = schema.graphql; sourceTree = "<group>"; };
		C9E18C5A24663A0E00213352 /* PokemonDetailTypesSection.swift */ = {isa = PBXFileReference; lastKnownFileType = sourcecode.swift; path = PokemonDetailTypesSection.swift; sourceTree = "<group>"; };
		C9E18C5C24663A6900213352 /* PokemonDetailTypesSection_pokemon.graphql.swift */ = {isa = PBXFileReference; fileEncoding = 4; lastKnownFileType = sourcecode.swift; path = PokemonDetailTypesSection_pokemon.graphql.swift; sourceTree = "<group>"; };
		C9E18C622466474D00213352 /* RelayStarWars.app */ = {isa = PBXFileReference; explicitFileType = wrapper.application; includeInIndex = 0; path = RelayStarWars.app; sourceTree = BUILT_PRODUCTS_DIR; };
		C9E18C642466474D00213352 /* AppDelegate.swift */ = {isa = PBXFileReference; lastKnownFileType = sourcecode.swift; path = AppDelegate.swift; sourceTree = "<group>"; };
		C9E18C662466474D00213352 /* SceneDelegate.swift */ = {isa = PBXFileReference; lastKnownFileType = sourcecode.swift; path = SceneDelegate.swift; sourceTree = "<group>"; };
		C9E18C682466474D00213352 /* ContentView.swift */ = {isa = PBXFileReference; lastKnownFileType = sourcecode.swift; path = ContentView.swift; sourceTree = "<group>"; };
		C9E18C6A2466474F00213352 /* Assets.xcassets */ = {isa = PBXFileReference; lastKnownFileType = folder.assetcatalog; path = Assets.xcassets; sourceTree = "<group>"; };
		C9E18C6D2466474F00213352 /* Preview Assets.xcassets */ = {isa = PBXFileReference; lastKnownFileType = folder.assetcatalog; path = "Preview Assets.xcassets"; sourceTree = "<group>"; };
		C9E18C702466474F00213352 /* Base */ = {isa = PBXFileReference; lastKnownFileType = file.storyboard; name = Base; path = Base.lproj/LaunchScreen.storyboard; sourceTree = "<group>"; };
		C9E18C722466474F00213352 /* Info.plist */ = {isa = PBXFileReference; lastKnownFileType = text.plist.xml; path = Info.plist; sourceTree = "<group>"; };
		C9E18C762466478B00213352 /* relay.config.js */ = {isa = PBXFileReference; lastKnownFileType = sourcecode.javascript; path = relay.config.js; sourceTree = "<group>"; };
		C9E18C78246647CB00213352 /* schema.graphql */ = {isa = PBXFileReference; lastKnownFileType = text; path = schema.graphql; sourceTree = "<group>"; };
		C9E18C792466491300213352 /* Environment.swift */ = {isa = PBXFileReference; lastKnownFileType = sourcecode.swift; path = Environment.swift; sourceTree = "<group>"; };
		C9E18C842466497E00213352 /* MoviesList.swift */ = {isa = PBXFileReference; lastKnownFileType = sourcecode.swift; path = MoviesList.swift; sourceTree = "<group>"; };
		C9E18C8924664A1900213352 /* ErrorView.swift */ = {isa = PBXFileReference; lastKnownFileType = sourcecode.swift; path = ErrorView.swift; sourceTree = "<group>"; };
		C9E18C8B24664DA600213352 /* MoviesListRow.swift */ = {isa = PBXFileReference; lastKnownFileType = sourcecode.swift; path = MoviesListRow.swift; sourceTree = "<group>"; };
		C9E18C8D24664DF600213352 /* MoviesListRow_film.graphql.swift */ = {isa = PBXFileReference; fileEncoding = 4; lastKnownFileType = sourcecode.swift; path = MoviesListRow_film.graphql.swift; sourceTree = "<group>"; };
		C9E18C8F2466518B00213352 /* LoadingView.swift */ = {isa = PBXFileReference; lastKnownFileType = sourcecode.swift; path = LoadingView.swift; sourceTree = "<group>"; };
		C9E18C91246653A300213352 /* MoviesTab.swift */ = {isa = PBXFileReference; lastKnownFileType = sourcecode.swift; path = MoviesTab.swift; sourceTree = "<group>"; };
		C9E18C9324665DA100213352 /* MoviesListPaginationQuery.graphql.swift */ = {isa = PBXFileReference; fileEncoding = 4; lastKnownFileType = sourcecode.swift; path = MoviesListPaginationQuery.graphql.swift; sourceTree = "<group>"; };
		C9E18C9424665DA100213352 /* MoviesTabQuery.graphql.swift */ = {isa = PBXFileReference; fileEncoding = 4; lastKnownFileType = sourcecode.swift; path = MoviesTabQuery.graphql.swift; sourceTree = "<group>"; };
		C9E18C9D2467341200213352 /* MoviesList_films.graphql.swift */ = {isa = PBXFileReference; fileEncoding = 4; lastKnownFileType = sourcecode.swift; path = MoviesList_films.graphql.swift; sourceTree = "<group>"; };
		C9E18CA7246876E900213352 /*  */ = {isa = PBXFileReference; lastKnownFileType = folder; name = ""; sourceTree = "<group>"; };
/* End PBXFileReference section */

/* Begin PBXFrameworksBuildPhase section */
		C91598562473823400E7FE03 /* Frameworks */ = {
			isa = PBXFrameworksBuildPhase;
			buildActionMask = 2147483647;
			files = (
				C91598752473833A00E7FE03 /* RelaySwiftUI in Frameworks */,
			);
			runOnlyForDeploymentPostprocessing = 0;
		};
		C9E18B6E245F68A100213352 /* Frameworks */ = {
			isa = PBXFrameworksBuildPhase;
			buildActionMask = 2147483647;
			files = (
				C9E18CB0246877B100213352 /* RelaySwiftUI in Frameworks */,
				C9E18CAE246877B100213352 /* Relay in Frameworks */,
			);
			runOnlyForDeploymentPostprocessing = 0;
		};
		C9E18C5F2466474D00213352 /* Frameworks */ = {
			isa = PBXFrameworksBuildPhase;
			buildActionMask = 2147483647;
			files = (
				C9E18CB4246877B800213352 /* RelaySwiftUI in Frameworks */,
				C9E18CB2246877B800213352 /* Relay in Frameworks */,
			);
			runOnlyForDeploymentPostprocessing = 0;
		};
/* End PBXFrameworksBuildPhase section */

/* Begin PBXGroup section */
		C915985A2473823400E7FE03 /* RelayTodo */ = {
			isa = PBXGroup;
			children = (
				C91598782473839E00E7FE03 /* __generated__ */,
				C915985B2473823400E7FE03 /* AppDelegate.swift */,
				C915985D2473823400E7FE03 /* SceneDelegate.swift */,
				C91598702473830400E7FE03 /* Environment.swift */,
				C915985F2473823400E7FE03 /* ContentView.swift */,
				C91598762473838A00E7FE03 /* ToDoItem.swift */,
				C915987B247383B900E7FE03 /* ToDoList.swift */,
				C9D63CFB24C7E4750053FD34 /* CurrentUserToDoList.swift */,
				C91598832473895F00E7FE03 /* ChangeTodoStatus.swift */,
				C91598612473823600E7FE03 /* Assets.xcassets */,
				C91598662473823600E7FE03 /* LaunchScreen.storyboard */,
				C91598692473823600E7FE03 /* Info.plist */,
				C915986D247382C200E7FE03 /* relay.config.js */,
				C915986F247382E200E7FE03 /* schema.graphql */,
				C91598632473823600E7FE03 /* Preview Content */,
			);
			path = RelayTodo;
			sourceTree = "<group>";
		};
		C91598632473823600E7FE03 /* Preview Content */ = {
			isa = PBXGroup;
			children = (
				C91598642473823600E7FE03 /* Preview Assets.xcassets */,
				C9333EB924A8FBE400377F35 /* ToDoItemPreview.json */,
			);
			path = "Preview Content";
			sourceTree = "<group>";
		};
		C91598782473839E00E7FE03 /* __generated__ */ = {
			isa = PBXGroup;
			children = (
				C91598852473897400E7FE03 /* ChangeTodoStatusMutation.graphql.swift */,
				C91598812473847E00E7FE03 /* CurrentUserToDoListQuery.graphql.swift */,
				C91598792473839E00E7FE03 /* ToDoItem_todo.graphql.swift */,
				C9333EB724A8FB9000377F35 /* ToDoItemPreviewQuery.graphql.swift */,
				C915987D247383C900E7FE03 /* ToDoList_user.graphql.swift */,
			);
			path = __generated__;
			sourceTree = "<group>";
		};
		C9E18B58245F687100213352 = {
			isa = PBXGroup;
			children = (
				C9E18CA7246876E900213352 /*  */,
				C9E18B72245F68A100213352 /* RelayPokedex */,
				C9E18C632466474D00213352 /* RelayStarWars */,
				C915985A2473823400E7FE03 /* RelayTodo */,
				C9E18B63245F687100213352 /* Products */,
				C9E18B93245F725800213352 /* Frameworks */,
			);
			sourceTree = "<group>";
		};
		C9E18B63245F687100213352 /* Products */ = {
			isa = PBXGroup;
			children = (
				C9E18B71245F68A100213352 /* RelayPokedex.app */,
				C9E18C622466474D00213352 /* RelayStarWars.app */,
				C91598592473823400E7FE03 /* RelayTodo.app */,
			);
			name = Products;
			sourceTree = "<group>";
		};
		C9E18B72245F68A100213352 /* RelayPokedex */ = {
			isa = PBXGroup;
			children = (
				C9E18C142463B9F100213352 /* __generated__ */,
				C9E18B73245F68A100213352 /* AppDelegate.swift */,
				C9E18B75245F68A100213352 /* SceneDelegate.swift */,
				C9E18B77245F68A100213352 /* ContentView.swift */,
				C9E18BB8245FAEDC00213352 /* ErrorView.swift */,
				C9E18B91245F724600213352 /* Environment.swift */,
				C9E18BB6245FAE5200213352 /* PokemonList.swift */,
				C9E18BE8246389B000213352 /* PokemonListRow.swift */,
				C9E18BEA24638D8700213352 /* PokemonDetail.swift */,
				C9E18BF02463970800213352 /* PokemonDetailInfoSection.swift */,
				C9E18C5A24663A0E00213352 /* PokemonDetailTypesSection.swift */,
				C9E18B79245F68A200213352 /* Assets.xcassets */,
				C9E18B7E245F68A200213352 /* LaunchScreen.storyboard */,
				C9E18B81245F68A200213352 /* Info.plist */,
				C9E18C5824662F0100213352 /* relay.config.js */,
				C9E18C5924662F0100213352 /* schema.graphql */,
				C9E18B7B245F68A200213352 /* Preview Content */,
			);
			path = RelayPokedex;
			sourceTree = "<group>";
		};
		C9E18B7B245F68A200213352 /* Preview Content */ = {
			isa = PBXGroup;
			children = (
				C9E18B7C245F68A200213352 /* Preview Assets.xcassets */,
			);
			path = "Preview Content";
			sourceTree = "<group>";
		};
		C9E18B93245F725800213352 /* Frameworks */ = {
			isa = PBXGroup;
			children = (
			);
			name = Frameworks;
			sourceTree = "<group>";
		};
		C9E18C142463B9F100213352 /* __generated__ */ = {
			isa = PBXGroup;
			children = (
				C9E18C5C24663A6900213352 /* PokemonDetailTypesSection_pokemon.graphql.swift */,
				C9E18C192463BA9F00213352 /* PokemonDetailInfoSection_pokemon.graphql.swift */,
				C9E18C1A2463BA9F00213352 /* PokemonDetailQuery.graphql.swift */,
				C9E18C152463B9F100213352 /* PokemonListRow_pokemon.graphql.swift */,
				C9E18C162463B9F100213352 /* PokemonListQuery.graphql.swift */,
			);
			path = __generated__;
			sourceTree = "<group>";
		};
		C9E18C632466474D00213352 /* RelayStarWars */ = {
			isa = PBXGroup;
			children = (
				C9E18C86246649EB00213352 /* __generated__ */,
				C9E18C642466474D00213352 /* AppDelegate.swift */,
				C9E18C662466474D00213352 /* SceneDelegate.swift */,
				C9E18C792466491300213352 /* Environment.swift */,
				C9E18C682466474D00213352 /* ContentView.swift */,
				C9E18C8F2466518B00213352 /* LoadingView.swift */,
				C9E18C8924664A1900213352 /* ErrorView.swift */,
				C9E18C91246653A300213352 /* MoviesTab.swift */,
				C9E18C842466497E00213352 /* MoviesList.swift */,
				C9E18C8B24664DA600213352 /* MoviesListRow.swift */,
				C9E18C6A2466474F00213352 /* Assets.xcassets */,
				C9E18C6F2466474F00213352 /* LaunchScreen.storyboard */,
				C9E18C722466474F00213352 /* Info.plist */,
				C9E18C6C2466474F00213352 /* Preview Content */,
				C9E18C762466478B00213352 /* relay.config.js */,
				C9E18C78246647CB00213352 /* schema.graphql */,
			);
			path = RelayStarWars;
			sourceTree = "<group>";
		};
		C9E18C6C2466474F00213352 /* Preview Content */ = {
			isa = PBXGroup;
			children = (
				C9E18C6D2466474F00213352 /* Preview Assets.xcassets */,
			);
			path = "Preview Content";
			sourceTree = "<group>";
		};
		C9E18C86246649EB00213352 /* __generated__ */ = {
			isa = PBXGroup;
			children = (
				C9E18C9D2467341200213352 /* MoviesList_films.graphql.swift */,
				C9E18C9324665DA100213352 /* MoviesListPaginationQuery.graphql.swift */,
				C9E18C8D24664DF600213352 /* MoviesListRow_film.graphql.swift */,
				C9E18C9424665DA100213352 /* MoviesTabQuery.graphql.swift */,
			);
			path = __generated__;
			sourceTree = "<group>";
		};
/* End PBXGroup section */

/* Begin PBXNativeTarget section */
		C91598582473823400E7FE03 /* RelayTodo */ = {
			isa = PBXNativeTarget;
			buildConfigurationList = C915986A2473823600E7FE03 /* Build configuration list for PBXNativeTarget "RelayTodo" */;
			buildPhases = (
				C91598552473823400E7FE03 /* Sources */,
				C91598562473823400E7FE03 /* Frameworks */,
				C91598572473823400E7FE03 /* Resources */,
			);
			buildRules = (
			);
			dependencies = (
			);
			name = RelayTodo;
			packageProductDependencies = (
				C91598742473833A00E7FE03 /* RelaySwiftUI */,
			);
			productName = RelayTodo;
			productReference = C91598592473823400E7FE03 /* RelayTodo.app */;
			productType = "com.apple.product-type.application";
		};
		C9E18B70245F68A100213352 /* RelayPokedex */ = {
			isa = PBXNativeTarget;
			buildConfigurationList = C9E18B82245F68A200213352 /* Build configuration list for PBXNativeTarget "RelayPokedex" */;
			buildPhases = (
				C9E18B6D245F68A100213352 /* Sources */,
				C9E18B6E245F68A100213352 /* Frameworks */,
				C9E18B6F245F68A100213352 /* Resources */,
				C9E18B98245F725800213352 /* Embed Frameworks */,
			);
			buildRules = (
			);
			dependencies = (
			);
			name = RelayPokedex;
			packageProductDependencies = (
				C9E18CAD246877B100213352 /* Relay */,
				C9E18CAF246877B100213352 /* RelaySwiftUI */,
			);
			productName = RelayTestApp;
			productReference = C9E18B71245F68A100213352 /* RelayPokedex.app */;
			productType = "com.apple.product-type.application";
		};
		C9E18C612466474D00213352 /* RelayStarWars */ = {
			isa = PBXNativeTarget;
			buildConfigurationList = C9E18C732466474F00213352 /* Build configuration list for PBXNativeTarget "RelayStarWars" */;
			buildPhases = (
				C9E18C5E2466474D00213352 /* Sources */,
				C9E18C5F2466474D00213352 /* Frameworks */,
				C9E18C602466474D00213352 /* Resources */,
				C9E18C832466495400213352 /* Embed Frameworks */,
			);
			buildRules = (
			);
			dependencies = (
			);
			name = RelayStarWars;
			packageProductDependencies = (
				C9E18CB1246877B800213352 /* Relay */,
				C9E18CB3246877B800213352 /* RelaySwiftUI */,
			);
			productName = RelayStarWars;
			productReference = C9E18C622466474D00213352 /* RelayStarWars.app */;
			productType = "com.apple.product-type.application";
		};
/* End PBXNativeTarget section */

/* Begin PBXProject section */
		C9E18B59245F687100213352 /* Project object */ = {
			isa = PBXProject;
			attributes = {
				LastSwiftUpdateCheck = 1140;
				LastUpgradeCheck = 1220;
				ORGANIZATIONNAME = "Matt Moriarity";
				TargetAttributes = {
					C91598582473823400E7FE03 = {
						CreatedOnToolsVersion = 11.4.1;
					};
					C9E18B70245F68A100213352 = {
						CreatedOnToolsVersion = 11.4.1;
					};
					C9E18C612466474D00213352 = {
						CreatedOnToolsVersion = 11.4.1;
					};
				};
			};
			buildConfigurationList = C9E18B5C245F687100213352 /* Build configuration list for PBXProject "RelayExamples" */;
			compatibilityVersion = "Xcode 9.3";
			developmentRegion = en;
			hasScannedForEncodings = 0;
			knownRegions = (
				en,
				Base,
			);
			mainGroup = C9E18B58245F687100213352;
			packageReferences = (
			);
			productRefGroup = C9E18B63245F687100213352 /* Products */;
			projectDirPath = "";
			projectRoot = "";
			targets = (
				C9E18B70245F68A100213352 /* RelayPokedex */,
				C9E18C612466474D00213352 /* RelayStarWars */,
				C91598582473823400E7FE03 /* RelayTodo */,
			);
		};
/* End PBXProject section */

/* Begin PBXResourcesBuildPhase section */
		C91598572473823400E7FE03 /* Resources */ = {
			isa = PBXResourcesBuildPhase;
			buildActionMask = 2147483647;
			files = (
				C91598682473823600E7FE03 /* LaunchScreen.storyboard in Resources */,
				C91598652473823600E7FE03 /* Preview Assets.xcassets in Resources */,
				C91598622473823600E7FE03 /* Assets.xcassets in Resources */,
				C9333EBA24A8FBE400377F35 /* ToDoItemPreview.json in Resources */,
			);
			runOnlyForDeploymentPostprocessing = 0;
		};
		C9E18B6F245F68A100213352 /* Resources */ = {
			isa = PBXResourcesBuildPhase;
			buildActionMask = 2147483647;
			files = (
				C9E18B80245F68A200213352 /* LaunchScreen.storyboard in Resources */,
				C9E18B7D245F68A200213352 /* Preview Assets.xcassets in Resources */,
				C9E18B7A245F68A200213352 /* Assets.xcassets in Resources */,
			);
			runOnlyForDeploymentPostprocessing = 0;
		};
		C9E18C602466474D00213352 /* Resources */ = {
			isa = PBXResourcesBuildPhase;
			buildActionMask = 2147483647;
			files = (
				C9E18C712466474F00213352 /* LaunchScreen.storyboard in Resources */,
				C9E18C6E2466474F00213352 /* Preview Assets.xcassets in Resources */,
				C9E18C6B2466474F00213352 /* Assets.xcassets in Resources */,
			);
			runOnlyForDeploymentPostprocessing = 0;
		};
/* End PBXResourcesBuildPhase section */

/* Begin PBXSourcesBuildPhase section */
		C91598552473823400E7FE03 /* Sources */ = {
			isa = PBXSourcesBuildPhase;
			buildActionMask = 2147483647;
			files = (
				C915985C2473823400E7FE03 /* AppDelegate.swift in Sources */,
				C915987A2473839E00E7FE03 /* ToDoItem_todo.graphql.swift in Sources */,
				C91598712473830400E7FE03 /* Environment.swift in Sources */,
				C91598862473897400E7FE03 /* ChangeTodoStatusMutation.graphql.swift in Sources */,
				C915987E247383C900E7FE03 /* ToDoList_user.graphql.swift in Sources */,
				C91598822473847E00E7FE03 /* CurrentUserToDoListQuery.graphql.swift in Sources */,
				C915987C247383BA00E7FE03 /* ToDoList.swift in Sources */,
				C91598772473838A00E7FE03 /* ToDoItem.swift in Sources */,
				C91598842473895F00E7FE03 /* ChangeTodoStatus.swift in Sources */,
				C915985E2473823400E7FE03 /* SceneDelegate.swift in Sources */,
				C9333EB824A8FB9000377F35 /* ToDoItemPreviewQuery.graphql.swift in Sources */,
				C91598602473823400E7FE03 /* ContentView.swift in Sources */,
				C9D63CFC24C7E4750053FD34 /* CurrentUserToDoList.swift in Sources */,
			);
			runOnlyForDeploymentPostprocessing = 0;
		};
		C9E18B6D245F68A100213352 /* Sources */ = {
			isa = PBXSourcesBuildPhase;
			buildActionMask = 2147483647;
			files = (
				C9E18C5D24663A6900213352 /* PokemonDetailTypesSection_pokemon.graphql.swift in Sources */,
				C9E18B74245F68A100213352 /* AppDelegate.swift in Sources */,
				C9E18BF12463970800213352 /* PokemonDetailInfoSection.swift in Sources */,
				C9E18C182463B9F100213352 /* PokemonListQuery.graphql.swift in Sources */,
				C9E18BEB24638D8700213352 /* PokemonDetail.swift in Sources */,
				C9E18B92245F724600213352 /* Environment.swift in Sources */,
				C9E18B76245F68A100213352 /* SceneDelegate.swift in Sources */,
				C9E18BE9246389B000213352 /* PokemonListRow.swift in Sources */,
				C9E18BB9245FAEDC00213352 /* ErrorView.swift in Sources */,
				C9E18C1B2463BA9F00213352 /* PokemonDetailInfoSection_pokemon.graphql.swift in Sources */,
				C9E18B78245F68A100213352 /* ContentView.swift in Sources */,
				C9E18C5B24663A0E00213352 /* PokemonDetailTypesSection.swift in Sources */,
				C9E18C172463B9F100213352 /* PokemonListRow_pokemon.graphql.swift in Sources */,
				C9E18C1C2463BA9F00213352 /* PokemonDetailQuery.graphql.swift in Sources */,
				C9E18BB7245FAE5200213352 /* PokemonList.swift in Sources */,
			);
			runOnlyForDeploymentPostprocessing = 0;
		};
		C9E18C5E2466474D00213352 /* Sources */ = {
			isa = PBXSourcesBuildPhase;
			buildActionMask = 2147483647;
			files = (
				C9E18C652466474D00213352 /* AppDelegate.swift in Sources */,
				C9E18C7A2466491300213352 /* Environment.swift in Sources */,
				C9E18C902466518B00213352 /* LoadingView.swift in Sources */,
				C9E18C92246653A300213352 /* MoviesTab.swift in Sources */,
				C9E18C672466474D00213352 /* SceneDelegate.swift in Sources */,
				C9E18C8E24664DF600213352 /* MoviesListRow_film.graphql.swift in Sources */,
				C9E18C8A24664A1900213352 /* ErrorView.swift in Sources */,
				C9E18C8C24664DA600213352 /* MoviesListRow.swift in Sources */,
				C9E18C852466497E00213352 /* MoviesList.swift in Sources */,
				C9E18C9524665DA100213352 /* MoviesListPaginationQuery.graphql.swift in Sources */,
				C9E18C9E2467341200213352 /* MoviesList_films.graphql.swift in Sources */,
				C9E18C9624665DA100213352 /* MoviesTabQuery.graphql.swift in Sources */,
				C9E18C692466474D00213352 /* ContentView.swift in Sources */,
			);
			runOnlyForDeploymentPostprocessing = 0;
		};
/* End PBXSourcesBuildPhase section */

/* Begin PBXVariantGroup section */
		C91598662473823600E7FE03 /* LaunchScreen.storyboard */ = {
			isa = PBXVariantGroup;
			children = (
				C91598672473823600E7FE03 /* Base */,
			);
			name = LaunchScreen.storyboard;
			sourceTree = "<group>";
		};
		C9E18B7E245F68A200213352 /* LaunchScreen.storyboard */ = {
			isa = PBXVariantGroup;
			children = (
				C9E18B7F245F68A200213352 /* Base */,
			);
			name = LaunchScreen.storyboard;
			sourceTree = "<group>";
		};
		C9E18C6F2466474F00213352 /* LaunchScreen.storyboard */ = {
			isa = PBXVariantGroup;
			children = (
				C9E18C702466474F00213352 /* Base */,
			);
			name = LaunchScreen.storyboard;
			sourceTree = "<group>";
		};
/* End PBXVariantGroup section */

/* Begin XCBuildConfiguration section */
		C915986B2473823600E7FE03 /* Debug */ = {
			isa = XCBuildConfiguration;
			buildSettings = {
				ASSETCATALOG_COMPILER_APPICON_NAME = AppIcon;
				CODE_SIGN_STYLE = Automatic;
				DEVELOPMENT_ASSET_PATHS = "\"RelayTodo/Preview Content\"";
				DEVELOPMENT_TEAM = PE8BN56Z28;
				ENABLE_PREVIEWS = YES;
				INFOPLIST_FILE = RelayTodo/Info.plist;
				IPHONEOS_DEPLOYMENT_TARGET = 15.0;
				LD_RUNPATH_SEARCH_PATHS = (
					"$(inherited)",
					"@executable_path/Frameworks",
				);
				PRODUCT_BUNDLE_IDENTIFIER = com.mattmoriarity.RelayTodo;
				PRODUCT_NAME = "$(TARGET_NAME)";
				SWIFT_VERSION = 5.0;
				TARGETED_DEVICE_FAMILY = "1,2";
			};
			name = Debug;
		};
		C915986C2473823600E7FE03 /* Release */ = {
			isa = XCBuildConfiguration;
			buildSettings = {
				ASSETCATALOG_COMPILER_APPICON_NAME = AppIcon;
				CODE_SIGN_STYLE = Automatic;
				DEVELOPMENT_ASSET_PATHS = "\"RelayTodo/Preview Content\"";
				DEVELOPMENT_TEAM = PE8BN56Z28;
				ENABLE_PREVIEWS = YES;
				INFOPLIST_FILE = RelayTodo/Info.plist;
				IPHONEOS_DEPLOYMENT_TARGET = 15.0;
				LD_RUNPATH_SEARCH_PATHS = (
					"$(inherited)",
					"@executable_path/Frameworks",
				);
				PRODUCT_BUNDLE_IDENTIFIER = com.mattmoriarity.RelayTodo;
				PRODUCT_NAME = "$(TARGET_NAME)";
				SWIFT_VERSION = 5.0;
				TARGETED_DEVICE_FAMILY = "1,2";
			};
			name = Release;
		};
		C9E18B68245F687100213352 /* Debug */ = {
			isa = XCBuildConfiguration;
			buildSettings = {
				ALWAYS_SEARCH_USER_PATHS = NO;
				CLANG_ANALYZER_NONNULL = YES;
				CLANG_ANALYZER_NUMBER_OBJECT_CONVERSION = YES_AGGRESSIVE;
				CLANG_CXX_LANGUAGE_STANDARD = "gnu++14";
				CLANG_CXX_LIBRARY = "libc++";
				CLANG_ENABLE_MODULES = YES;
				CLANG_ENABLE_OBJC_ARC = YES;
				CLANG_ENABLE_OBJC_WEAK = YES;
				CLANG_WARN_BLOCK_CAPTURE_AUTORELEASING = YES;
				CLANG_WARN_BOOL_CONVERSION = YES;
				CLANG_WARN_COMMA = YES;
				CLANG_WARN_CONSTANT_CONVERSION = YES;
				CLANG_WARN_DEPRECATED_OBJC_IMPLEMENTATIONS = YES;
				CLANG_WARN_DIRECT_OBJC_ISA_USAGE = YES_ERROR;
				CLANG_WARN_DOCUMENTATION_COMMENTS = YES;
				CLANG_WARN_EMPTY_BODY = YES;
				CLANG_WARN_ENUM_CONVERSION = YES;
				CLANG_WARN_INFINITE_RECURSION = YES;
				CLANG_WARN_INT_CONVERSION = YES;
				CLANG_WARN_NON_LITERAL_NULL_CONVERSION = YES;
				CLANG_WARN_OBJC_IMPLICIT_RETAIN_SELF = YES;
				CLANG_WARN_OBJC_LITERAL_CONVERSION = YES;
				CLANG_WARN_OBJC_ROOT_CLASS = YES_ERROR;
				CLANG_WARN_QUOTED_INCLUDE_IN_FRAMEWORK_HEADER = YES;
				CLANG_WARN_RANGE_LOOP_ANALYSIS = YES;
				CLANG_WARN_STRICT_PROTOTYPES = YES;
				CLANG_WARN_SUSPICIOUS_MOVE = YES;
				CLANG_WARN_UNGUARDED_AVAILABILITY = YES_AGGRESSIVE;
				CLANG_WARN_UNREACHABLE_CODE = YES;
				CLANG_WARN__DUPLICATE_METHOD_MATCH = YES;
				COPY_PHASE_STRIP = NO;
				CURRENT_PROJECT_VERSION = 1;
				DEBUG_INFORMATION_FORMAT = dwarf;
				ENABLE_STRICT_OBJC_MSGSEND = YES;
				ENABLE_TESTABILITY = YES;
				GCC_C_LANGUAGE_STANDARD = gnu11;
				GCC_DYNAMIC_NO_PIC = NO;
				GCC_NO_COMMON_BLOCKS = YES;
				GCC_OPTIMIZATION_LEVEL = 0;
				GCC_PREPROCESSOR_DEFINITIONS = (
					"DEBUG=1",
					"$(inherited)",
				);
				GCC_WARN_64_TO_32_BIT_CONVERSION = YES;
				GCC_WARN_ABOUT_RETURN_TYPE = YES_ERROR;
				GCC_WARN_UNDECLARED_SELECTOR = YES;
				GCC_WARN_UNINITIALIZED_AUTOS = YES_AGGRESSIVE;
				GCC_WARN_UNUSED_FUNCTION = YES;
				GCC_WARN_UNUSED_VARIABLE = YES;
				IPHONEOS_DEPLOYMENT_TARGET = 13.4;
				MTL_ENABLE_DEBUG_INFO = INCLUDE_SOURCE;
				MTL_FAST_MATH = YES;
				ONLY_ACTIVE_ARCH = YES;
				SDKROOT = iphoneos;
				SWIFT_ACTIVE_COMPILATION_CONDITIONS = DEBUG;
				SWIFT_OPTIMIZATION_LEVEL = "-Onone";
				VERSIONING_SYSTEM = "apple-generic";
				VERSION_INFO_PREFIX = "";
			};
			name = Debug;
		};
		C9E18B69245F687100213352 /* Release */ = {
			isa = XCBuildConfiguration;
			buildSettings = {
				ALWAYS_SEARCH_USER_PATHS = NO;
				CLANG_ANALYZER_NONNULL = YES;
				CLANG_ANALYZER_NUMBER_OBJECT_CONVERSION = YES_AGGRESSIVE;
				CLANG_CXX_LANGUAGE_STANDARD = "gnu++14";
				CLANG_CXX_LIBRARY = "libc++";
				CLANG_ENABLE_MODULES = YES;
				CLANG_ENABLE_OBJC_ARC = YES;
				CLANG_ENABLE_OBJC_WEAK = YES;
				CLANG_WARN_BLOCK_CAPTURE_AUTORELEASING = YES;
				CLANG_WARN_BOOL_CONVERSION = YES;
				CLANG_WARN_COMMA = YES;
				CLANG_WARN_CONSTANT_CONVERSION = YES;
				CLANG_WARN_DEPRECATED_OBJC_IMPLEMENTATIONS = YES;
				CLANG_WARN_DIRECT_OBJC_ISA_USAGE = YES_ERROR;
				CLANG_WARN_DOCUMENTATION_COMMENTS = YES;
				CLANG_WARN_EMPTY_BODY = YES;
				CLANG_WARN_ENUM_CONVERSION = YES;
				CLANG_WARN_INFINITE_RECURSION = YES;
				CLANG_WARN_INT_CONVERSION = YES;
				CLANG_WARN_NON_LITERAL_NULL_CONVERSION = YES;
				CLANG_WARN_OBJC_IMPLICIT_RETAIN_SELF = YES;
				CLANG_WARN_OBJC_LITERAL_CONVERSION = YES;
				CLANG_WARN_OBJC_ROOT_CLASS = YES_ERROR;
				CLANG_WARN_QUOTED_INCLUDE_IN_FRAMEWORK_HEADER = YES;
				CLANG_WARN_RANGE_LOOP_ANALYSIS = YES;
				CLANG_WARN_STRICT_PROTOTYPES = YES;
				CLANG_WARN_SUSPICIOUS_MOVE = YES;
				CLANG_WARN_UNGUARDED_AVAILABILITY = YES_AGGRESSIVE;
				CLANG_WARN_UNREACHABLE_CODE = YES;
				CLANG_WARN__DUPLICATE_METHOD_MATCH = YES;
				COPY_PHASE_STRIP = NO;
				CURRENT_PROJECT_VERSION = 1;
				DEBUG_INFORMATION_FORMAT = "dwarf-with-dsym";
				ENABLE_NS_ASSERTIONS = NO;
				ENABLE_STRICT_OBJC_MSGSEND = YES;
				GCC_C_LANGUAGE_STANDARD = gnu11;
				GCC_NO_COMMON_BLOCKS = YES;
				GCC_WARN_64_TO_32_BIT_CONVERSION = YES;
				GCC_WARN_ABOUT_RETURN_TYPE = YES_ERROR;
				GCC_WARN_UNDECLARED_SELECTOR = YES;
				GCC_WARN_UNINITIALIZED_AUTOS = YES_AGGRESSIVE;
				GCC_WARN_UNUSED_FUNCTION = YES;
				GCC_WARN_UNUSED_VARIABLE = YES;
				IPHONEOS_DEPLOYMENT_TARGET = 13.4;
				MTL_ENABLE_DEBUG_INFO = NO;
				MTL_FAST_MATH = YES;
				SDKROOT = iphoneos;
				SWIFT_COMPILATION_MODE = wholemodule;
				SWIFT_OPTIMIZATION_LEVEL = "-O";
				VALIDATE_PRODUCT = YES;
				VERSIONING_SYSTEM = "apple-generic";
				VERSION_INFO_PREFIX = "";
			};
			name = Release;
		};
		C9E18B83245F68A200213352 /* Debug */ = {
			isa = XCBuildConfiguration;
			buildSettings = {
				ALWAYS_EMBED_SWIFT_STANDARD_LIBRARIES = YES;
				ASSETCATALOG_COMPILER_APPICON_NAME = AppIcon;
				CODE_SIGN_STYLE = Automatic;
				DEVELOPMENT_ASSET_PATHS = "RelayPokedex/Preview\\ Content/Preview\\ Assets.xcassets";
				DEVELOPMENT_TEAM = PE8BN56Z28;
				ENABLE_PREVIEWS = YES;
				INFOPLIST_FILE = RelayPokedex/Info.plist;
				IPHONEOS_DEPLOYMENT_TARGET = 15.0;
				LD_RUNPATH_SEARCH_PATHS = (
					"$(inherited)",
					"@executable_path/Frameworks",
				);
				PRODUCT_BUNDLE_IDENTIFIER = com.mattmoriarity.RelayPokedex;
				PRODUCT_NAME = "$(TARGET_NAME)";
				SWIFT_VERSION = 5.0;
				TARGETED_DEVICE_FAMILY = "1,2";
			};
			name = Debug;
		};
		C9E18B84245F68A200213352 /* Release */ = {
			isa = XCBuildConfiguration;
			buildSettings = {
				ALWAYS_EMBED_SWIFT_STANDARD_LIBRARIES = YES;
				ASSETCATALOG_COMPILER_APPICON_NAME = AppIcon;
				CODE_SIGN_STYLE = Automatic;
				DEVELOPMENT_ASSET_PATHS = "RelayPokedex/Preview\\ Content/Preview\\ Assets.xcassets";
				DEVELOPMENT_TEAM = PE8BN56Z28;
				ENABLE_PREVIEWS = YES;
				INFOPLIST_FILE = RelayPokedex/Info.plist;
				IPHONEOS_DEPLOYMENT_TARGET = 15.0;
				LD_RUNPATH_SEARCH_PATHS = (
					"$(inherited)",
					"@executable_path/Frameworks",
				);
				PRODUCT_BUNDLE_IDENTIFIER = com.mattmoriarity.RelayPokedex;
				PRODUCT_NAME = "$(TARGET_NAME)";
				SWIFT_VERSION = 5.0;
				TARGETED_DEVICE_FAMILY = "1,2";
			};
			name = Release;
		};
		C9E18C742466474F00213352 /* Debug */ = {
			isa = XCBuildConfiguration;
			buildSettings = {
				ASSETCATALOG_COMPILER_APPICON_NAME = AppIcon;
				CODE_SIGN_STYLE = Automatic;
				DEVELOPMENT_ASSET_PATHS = "\"RelayStarWars/Preview Content\"";
				DEVELOPMENT_TEAM = PE8BN56Z28;
				ENABLE_PREVIEWS = YES;
				INFOPLIST_FILE = RelayStarWars/Info.plist;
				IPHONEOS_DEPLOYMENT_TARGET = 15.0;
				LD_RUNPATH_SEARCH_PATHS = (
					"$(inherited)",
					"@executable_path/Frameworks",
				);
				PRODUCT_BUNDLE_IDENTIFIER = com.mattmoriarity.RelayStarWars;
				PRODUCT_NAME = "$(TARGET_NAME)";
				SWIFT_VERSION = 5.0;
				TARGETED_DEVICE_FAMILY = "1,2";
			};
			name = Debug;
		};
		C9E18C752466474F00213352 /* Release */ = {
			isa = XCBuildConfiguration;
			buildSettings = {
				ASSETCATALOG_COMPILER_APPICON_NAME = AppIcon;
				CODE_SIGN_STYLE = Automatic;
				DEVELOPMENT_ASSET_PATHS = "\"RelayStarWars/Preview Content\"";
				DEVELOPMENT_TEAM = PE8BN56Z28;
				ENABLE_PREVIEWS = YES;
				INFOPLIST_FILE = RelayStarWars/Info.plist;
				IPHONEOS_DEPLOYMENT_TARGET = 15.0;
				LD_RUNPATH_SEARCH_PATHS = (
					"$(inherited)",
					"@executable_path/Frameworks",
				);
				PRODUCT_BUNDLE_IDENTIFIER = com.mattmoriarity.RelayStarWars;
				PRODUCT_NAME = "$(TARGET_NAME)";
				SWIFT_VERSION = 5.0;
				TARGETED_DEVICE_FAMILY = "1,2";
			};
			name = Release;
		};
/* End XCBuildConfiguration section */

/* Begin XCConfigurationList section */
		C915986A2473823600E7FE03 /* Build configuration list for PBXNativeTarget "RelayTodo" */ = {
			isa = XCConfigurationList;
			buildConfigurations = (
				C915986B2473823600E7FE03 /* Debug */,
				C915986C2473823600E7FE03 /* Release */,
			);
			defaultConfigurationIsVisible = 0;
			defaultConfigurationName = Release;
		};
		C9E18B5C245F687100213352 /* Build configuration list for PBXProject "RelayExamples" */ = {
			isa = XCConfigurationList;
			buildConfigurations = (
				C9E18B68245F687100213352 /* Debug */,
				C9E18B69245F687100213352 /* Release */,
			);
			defaultConfigurationIsVisible = 0;
			defaultConfigurationName = Release;
		};
		C9E18B82245F68A200213352 /* Build configuration list for PBXNativeTarget "RelayPokedex" */ = {
			isa = XCConfigurationList;
			buildConfigurations = (
				C9E18B83245F68A200213352 /* Debug */,
				C9E18B84245F68A200213352 /* Release */,
			);
			defaultConfigurationIsVisible = 0;
			defaultConfigurationName = Release;
		};
		C9E18C732466474F00213352 /* Build configuration list for PBXNativeTarget "RelayStarWars" */ = {
			isa = XCConfigurationList;
			buildConfigurations = (
				C9E18C742466474F00213352 /* Debug */,
				C9E18C752466474F00213352 /* Release */,
			);
			defaultConfigurationIsVisible = 0;
			defaultConfigurationName = Release;
		};
/* End XCConfigurationList section */

/* Begin XCSwiftPackageProductDependency section */
		C91598742473833A00E7FE03 /* RelaySwiftUI */ = {
			isa = XCSwiftPackageProductDependency;
			productName = RelaySwiftUI;
		};
		C9E18CAD246877B100213352 /* Relay */ = {
			isa = XCSwiftPackageProductDependency;
			productName = Relay;
		};
		C9E18CAF246877B100213352 /* RelaySwiftUI */ = {
			isa = XCSwiftPackageProductDependency;
			productName = RelaySwiftUI;
		};
		C9E18CB1246877B800213352 /* Relay */ = {
			isa = XCSwiftPackageProductDependency;
			productName = Relay;
		};
		C9E18CB3246877B800213352 /* RelaySwiftUI */ = {
			isa = XCSwiftPackageProductDependency;
			productName = RelaySwiftUI;
		};
/* End XCSwiftPackageProductDependency section */
	};
	rootObject = C9E18B59245F687100213352 /* Project object */;
}
