{
  "object": {
    "pins": [
      {
        "package": "Nimble",
        "repositoryURL": "https://github.com/Quick/Nimble.git",
        "state": {
          "branch": null,
          "revision": "2b1809051b4a65c1d7f5233331daa24572cd7fca",
          "version": "8.1.1"
        }
      },
      {
        "package": "SnapshotTesting",
        "repositoryURL": "https://github.com/pointfreeco/swift-snapshot-testing.git",
        "state": {
          "branch": null,
          "revision": "2fd91357e90efe82bfa6845d1e7d5bc2f5025d35",
          "version": "1.8.1"
        }
      },
      {
        "package": "SwiftSyntax",
        "repositoryURL": "https://github.com/apple/swift-syntax.git",
        "state": {
          "branch": null,
          "revision": "0688b9cfc4c3dd234e4f55f1f056b2affc849873",
          "version": "0.50200.0"
        }
      }
    ]
  },
  "version": 1
}
